<?xml version="1.0" encoding="UTF-8"?>
<Scheme
   LastUpgradeVersion = "1020"
   version = "1.3">
   <BuildAction
      parallelizeBuildables = "YES"
      buildImplicitDependencies = "YES">
      <BuildActionEntries>
         <BuildActionEntry
            buildForTesting = "YES"
            buildForRunning = "YES"
            buildForProfiling = "YES"
            buildForArchiving = "YES"
            buildForAnalyzing = "YES">
            <BuildableReference
               BuildableIdentifier = "primary"
               BlueprintIdentifier = "FD0B10931E2F8ACD00AED458"
               BuildableName = "swiftshield"
               BlueprintName = "swiftshield"
               ReferencedContainer = "container:swiftshield.xcodeproj">
            </BuildableReference>
         </BuildActionEntry>
      </BuildActionEntries>
   </BuildAction>
   <TestAction
      buildConfiguration = "Debug"
      selectedDebuggerIdentifier = "Xcode.DebuggerFoundation.Debugger.LLDB"
      selectedLauncherIdentifier = "Xcode.DebuggerFoundation.Launcher.LLDB"
      shouldUseLaunchSchemeArgsEnv = "YES">
      <MacroExpansion>
         <BuildableReference
            BuildableIdentifier = "primary"
            BlueprintIdentifier = "FD0B10931E2F8ACD00AED458"
            BuildableName = "swiftshield"
            BlueprintName = "swiftshield"
            ReferencedContainer = "container:swiftshield.xcodeproj">
         </BuildableReference>
      </MacroExpansion>
      <Testables>
      </Testables>
   </TestAction>
   <LaunchAction
      buildConfiguration = "Debug"
      selectedDebuggerIdentifier = "Xcode.DebuggerFoundation.Debugger.LLDB"
      selectedLauncherIdentifier = "Xcode.DebuggerFoundation.Launcher.LLDB"
      launchStyle = "0"
      useCustomWorkingDirectory = "NO"
      ignoresPersistentStateOnLaunch = "NO"
      debugDocumentVersioning = "YES"
      debugServiceExtension = "internal"
      allowLocationSimulation = "YES">
      <BuildableProductRunnable
         runnableDebuggingMode = "0">
         <BuildableReference
            BuildableIdentifier = "primary"
            BlueprintIdentifier = "FD0B10931E2F8ACD00AED458"
            BuildableName = "swiftshield"
            BlueprintName = "swiftshield"
            ReferencedContainer = "container:swiftshield.xcodeproj">
         </BuildableReference>
      </BuildableProductRunnable>
      <CommandLineArguments>
         <CommandLineArgument
            argument = "-automatic"
            isEnabled = "YES">
         </CommandLineArgument>
         <CommandLineArgument
            argument = "-project-root /Users/robert.leclus/Temp/tmp.fug0ZVaegp/shugo.tenant.ios.ref-architecture_clean"
            isEnabled = "YES">
         </CommandLineArgument>
         <CommandLineArgument
            argument = "-automatic-project-file /Users/robert.leclus/Temp/tmp.fug0ZVaegp/shugo.tenant.ios.ref-architecture_clean/ShugoRefArch.xcworkspace"
            isEnabled = "YES">
         </CommandLineArgument>
         <CommandLineArgument
            argument = "-automatic-project-scheme &quot;ShugoRefArch - ShugoRefArch - SecurityContainer-UAT&quot;"
            isEnabled = "YES">
         </CommandLineArgument>
         <CommandLineArgument
            argument = "-ignore-modules RxSwift,RxRelay,RxCocoa"
            isEnabled = "YES">
         </CommandLineArgument>
      </CommandLineArguments>
      <EnvironmentVariables>
         <EnvironmentVariable
            key = "PATH"
            value = "/Users/robert.leclus/.rvm/gems/ruby-2.7.0/bin:/Users/robert.leclus/.rvm/gems/ruby-2.7.0@global/bin:/Users/robert.leclus/.rvm/rubies/ruby-2.7.0/bin:/Library/Frameworks/Python.framework/Versions/3.7/bin:/usr/local/lib/ruby/gems/2.6.0/bin:/usr/local/sbin:/usr/local/opt/ruby/bin:/usr/local/opt/openssl/bin:/usr/local/opt/coreutils/libexec/gnubin:/Users/robert.leclus/bin:/usr/local/bin:/usr/bin:/bin:/usr/sbin:/sbin:/usr/local/MacGPG2/bin:/usr/local/share/dotnet:~/.dotnet/tools:/Library/Apple/usr/bin:/Library/Frameworks/Mono.framework/Versions/Current/Commands:/Applications/Wireshark.app/Contents/MacOS:/Applications/Xamarin Workbooks.app/Contents/SharedSupport/path-bin:/Users/robert.leclus/Library/Android/sdk/tools:/Users/robert.leclus/Library/Android/sdk/platform-tools:/Users/robert.leclus/Library/Android/sdk/ndk-bundle:/Users/robert.leclus/.rvm/bin"
            isEnabled = "YES">
         </EnvironmentVariable>
      </EnvironmentVariables>
   </LaunchAction>
   <ProfileAction
      buildConfiguration = "Release"
      shouldUseLaunchSchemeArgsEnv = "YES"
      savedToolIdentifier = ""
      useCustomWorkingDirectory = "NO"
      debugDocumentVersioning = "YES">
      <BuildableProductRunnable
         runnableDebuggingMode = "0">
         <BuildableReference
            BuildableIdentifier = "primary"
            BlueprintIdentifier = "FD0B10931E2F8ACD00AED458"
            BuildableName = "swiftshield"
            BlueprintName = "swiftshield"
            ReferencedContainer = "container:swiftshield.xcodeproj">
         </BuildableReference>
      </BuildableProductRunnable>
   </ProfileAction>
   <AnalyzeAction
      buildConfiguration = "Debug">
   </AnalyzeAction>
   <ArchiveAction
      buildConfiguration = "Release"
      revealArchiveInOrganizer = "YES">
   </ArchiveAction>
</Scheme>
